{
  "nodes": {
    "agenix": {
      "inputs": {
        "darwin": "darwin",
        "home-manager": "home-manager",
        "nixpkgs": "nixpkgs",
        "systems": "systems"
      },
      "locked": {
        "lastModified": 1754433428,
        "narHash": "sha256-NA/FT2hVhKDftbHSwVnoRTFhes62+7dxZbxj5Gxvghs=",
        "owner": "ryantm",
        "repo": "agenix",
        "rev": "9edb1787864c4f59ae5074ad498b6272b3ec308d",
        "type": "github"
      },
      "original": {
        "owner": "ryantm",
        "repo": "agenix",
        "type": "github"
      }
    },
    "agenix-rekey": {
      "inputs": {
        "devshell": "devshell",
        "flake-parts": "flake-parts",
        "nixpkgs": [
          "nixpkgs"
        ],
        "pre-commit-hooks": "pre-commit-hooks",
        "treefmt-nix": "treefmt-nix"
      },
      "locked": {
        "lastModified": 1757800857,
        "narHash": "sha256-VajxFp0rgP1vec4+Y4WVgovjVx236pR67gQadvEtx7Q=",
        "owner": "oddlama",
        "repo": "agenix-rekey",
        "rev": "c1a7e59cd9ba915fcc03b82d3d7721dfa3d40ded",
        "type": "github"
      },
      "original": {
        "owner": "oddlama",
        "repo": "agenix-rekey",
        "type": "github"
      }
    },
    "cachix": {
      "inputs": {
        "devenv": [
          "devenv"
        ],
        "flake-compat": [
          "devenv"
        ],
        "git-hooks": [
          "devenv",
          "git-hooks"
        ],
        "nixpkgs": [
          "devenv",
          "nixpkgs"
        ]
      },
      "locked": {
        "lastModified": 1752264895,
        "narHash": "sha256-1zBPE/PNAkPNUsOWFET4J0cjlvziH8DOekesDmjND+w=",
        "owner": "cachix",
        "repo": "cachix",
        "rev": "47053aef762f452e816e44eb9a23fbc3827b241a",
        "type": "github"
      },
      "original": {
        "owner": "cachix",
        "ref": "latest",
        "repo": "cachix",
        "type": "github"
      }
    },
    "cachix_2": {
      "inputs": {
        "devenv": [
          "homestakeros",
          "devenv"
        ],
        "flake-compat": [
          "homestakeros",
          "devenv"
        ],
        "git-hooks": [
          "homestakeros",
          "devenv",
          "git-hooks"
        ],
        "nixpkgs": [
          "homestakeros",
          "devenv",
          "nixpkgs"
        ]
      },
      "locked": {
        "lastModified": 1748883665,
        "narHash": "sha256-R0W7uAg+BLoHjMRMQ8+oiSbTq8nkGz5RDpQ+ZfxxP3A=",
        "owner": "cachix",
        "repo": "cachix",
        "rev": "f707778d902af4d62d8dd92c269f8e70de09acbe",
        "type": "github"
      },
      "original": {
        "owner": "cachix",
        "ref": "latest",
        "repo": "cachix",
        "type": "github"
      }
    },
    "clib": {
      "locked": {
        "lastModified": 1754788789,
        "narHash": "sha256-x2rJ+Ovzq0sCMpgfgGaaqgBSwY+LST+WbZ6TytnT9Rk=",
        "owner": "nix-community",
        "repo": "nixpkgs.lib",
        "rev": "a73b9c743612e4244d865a2fdee11865283c04e6",
        "type": "github"
      },
      "original": {
        "owner": "nix-community",
        "repo": "nixpkgs.lib",
        "type": "github"
      }
    },
    "darwin": {
      "inputs": {
        "nixpkgs": [
          "agenix",
          "nixpkgs"
        ]
      },
      "locked": {
        "lastModified": 1744478979,
        "narHash": "sha256-dyN+teG9G82G+m+PX/aSAagkC+vUv0SgUw3XkPhQodQ=",
        "owner": "lnl7",
        "repo": "nix-darwin",
        "rev": "43975d782b418ebf4969e9ccba82466728c2851b",
        "type": "github"
      },
      "original": {
        "owner": "lnl7",
        "ref": "master",
        "repo": "nix-darwin",
        "type": "github"
      }
    },
    "devenv": {
      "inputs": {
        "cachix": "cachix",
        "flake-compat": "flake-compat_2",
        "flake-parts": "flake-parts_2",
        "git-hooks": "git-hooks",
        "nix": "nix",
        "nixpkgs": "nixpkgs_2"
      },
      "locked": {
        "lastModified": 1758897340,
        "narHash": "sha256-YCakDdXHLJ06xo48RN/w3B9MdS9VEmcBAlQYibocQLw=",
        "owner": "cachix",
        "repo": "devenv",
        "rev": "2d0941e76e7d9c3a03d47d431f38cc3dd5f90f98",
        "type": "github"
      },
      "original": {
        "owner": "cachix",
        "repo": "devenv",
        "type": "github"
      }
    },
    "devenv_2": {
      "inputs": {
        "cachix": "cachix_2",
        "flake-compat": "flake-compat_3",
        "flake-parts": "flake-parts_4",
        "git-hooks": "git-hooks_2",
        "nix": "nix_2",
        "nixpkgs": "nixpkgs_3"
      },
      "locked": {
        "lastModified": 1758113541,
        "narHash": "sha256-MG+c0mo4g9UHSuqibX3OVkiADWmMn/PWDfVhD4U29PM=",
        "owner": "cachix",
        "repo": "devenv",
        "rev": "57c79e7bea8189d6e49c9de781167eeba2b3b6ae",
        "type": "github"
      },
      "original": {
        "owner": "cachix",
        "ref": "v1.9",
        "repo": "devenv",
        "type": "github"
      }
    },
    "devshell": {
      "inputs": {
        "nixpkgs": [
          "agenix-rekey",
          "nixpkgs"
        ]
      },
      "locked": {
        "lastModified": 1728330715,
        "narHash": "sha256-xRJ2nPOXb//u1jaBnDP56M7v5ldavjbtR6lfGqSvcKg=",
        "owner": "numtide",
        "repo": "devshell",
        "rev": "dd6b80932022cea34a019e2bb32f6fa9e494dfef",
        "type": "github"
      },
      "original": {
        "owner": "numtide",
        "repo": "devshell",
        "type": "github"
      }
    },
    "devshell_2": {
      "inputs": {
        "nixpkgs": [
          "homestakeros",
          "ethereum-nix",
          "nixpkgs"
        ]
      },
      "locked": {
        "lastModified": 1741473158,
        "narHash": "sha256-kWNaq6wQUbUMlPgw8Y+9/9wP0F8SHkjy24/mN3UAppg=",
        "owner": "numtide",
        "repo": "devshell",
        "rev": "7c9e793ebe66bcba8292989a68c0419b737a22a0",
        "type": "github"
      },
      "original": {
        "owner": "numtide",
        "repo": "devshell",
        "type": "github"
      }
    },
    "ethereum-nix": {
      "inputs": {
        "devshell": "devshell_2",
        "flake-compat": "flake-compat_4",
        "flake-parts": "flake-parts_5",
        "flake-utils": "flake-utils",
        "foundry-nix": "foundry-nix",
        "nixpkgs": "nixpkgs_4",
        "nixpkgs-unstable": "nixpkgs-unstable",
        "systems": "systems_2",
        "treefmt-nix": "treefmt-nix_2"
      },
      "locked": {
        "lastModified": 1762599910,
        "narHash": "sha256-qxatq13VsM8sROF4phzLxU0aSlQaR3XEkLiEMWG4qUM=",
        "owner": "nix-community",
        "repo": "ethereum.nix",
        "rev": "fa5ad3d0c759de0ef14cd521d1d773f866c749f3",
        "type": "github"
      },
      "original": {
        "owner": "nix-community",
        "repo": "ethereum.nix",
        "type": "github"
      }
    },
    "flake-compat": {
      "flake": false,
      "locked": {
        "lastModified": 1696426674,
        "narHash": "sha256-kvjfFW7WAETZlt09AgDn1MrtKzP7t90Vf7vypd3OL1U=",
        "owner": "edolstra",
        "repo": "flake-compat",
        "rev": "0f9255e01c2351cc7d116c072cb317785dd33b33",
        "type": "github"
      },
      "original": {
        "owner": "edolstra",
        "repo": "flake-compat",
        "type": "github"
      }
    },
    "flake-compat_2": {
      "flake": false,
      "locked": {
        "lastModified": 1747046372,
        "narHash": "sha256-CIVLLkVgvHYbgI2UpXvIIBJ12HWgX+fjA8Xf8PUmqCY=",
        "owner": "edolstra",
        "repo": "flake-compat",
        "rev": "9100a0f413b0c601e0533d1d94ffd501ce2e7885",
        "type": "github"
      },
      "original": {
        "owner": "edolstra",
        "repo": "flake-compat",
        "type": "github"
      }
    },
    "flake-compat_3": {
      "flake": false,
      "locked": {
        "lastModified": 1747046372,
        "narHash": "sha256-CIVLLkVgvHYbgI2UpXvIIBJ12HWgX+fjA8Xf8PUmqCY=",
        "owner": "edolstra",
        "repo": "flake-compat",
        "rev": "9100a0f413b0c601e0533d1d94ffd501ce2e7885",
        "type": "github"
      },
      "original": {
        "owner": "edolstra",
        "repo": "flake-compat",
        "type": "github"
      }
    },
    "flake-compat_4": {
      "locked": {
        "lastModified": 1746162366,
        "narHash": "sha256-5SSSZ/oQkwfcAz/o/6TlejlVGqeK08wyREBQ5qFFPhM=",
        "owner": "nix-community",
        "repo": "flake-compat",
        "rev": "0f158086a2ecdbb138cd0429410e44994f1b7e4b",
        "type": "github"
      },
      "original": {
        "owner": "nix-community",
        "repo": "flake-compat",
        "type": "github"
      }
    },
    "flake-compat_5": {
      "flake": false,
      "locked": {
        "lastModified": 1747046372,
        "narHash": "sha256-CIVLLkVgvHYbgI2UpXvIIBJ12HWgX+fjA8Xf8PUmqCY=",
        "owner": "edolstra",
        "repo": "flake-compat",
        "rev": "9100a0f413b0c601e0533d1d94ffd501ce2e7885",
        "type": "github"
      },
      "original": {
        "owner": "edolstra",
        "repo": "flake-compat",
        "type": "github"
      }
    },
    "flake-parts": {
      "inputs": {
        "nixpkgs-lib": [
          "agenix-rekey",
          "nixpkgs"
        ]
      },
      "locked": {
        "lastModified": 1733312601,
        "narHash": "sha256-4pDvzqnegAfRkPwO3wmwBhVi/Sye1mzps0zHWYnP88c=",
        "owner": "hercules-ci",
        "repo": "flake-parts",
        "rev": "205b12d8b7cd4802fbcb8e8ef6a0f1408781a4f9",
        "type": "github"
      },
      "original": {
        "owner": "hercules-ci",
        "repo": "flake-parts",
        "type": "github"
      }
    },
    "flake-parts_2": {
      "inputs": {
        "nixpkgs-lib": [
          "devenv",
          "nixpkgs"
        ]
      },
      "locked": {
        "lastModified": 1756770412,
        "narHash": "sha256-+uWLQZccFHwqpGqr2Yt5VsW/PbeJVTn9Dk6SHWhNRPw=",
        "owner": "hercules-ci",
        "repo": "flake-parts",
        "rev": "4524271976b625a4a605beefd893f270620fd751",
        "type": "github"
      },
      "original": {
        "owner": "hercules-ci",
        "repo": "flake-parts",
        "type": "github"
      }
    },
    "flake-parts_3": {
      "inputs": {
        "nixpkgs-lib": "nixpkgs-lib"
      },
      "locked": {
        "lastModified": 1756770412,
        "narHash": "sha256-+uWLQZccFHwqpGqr2Yt5VsW/PbeJVTn9Dk6SHWhNRPw=",
        "owner": "hercules-ci",
        "repo": "flake-parts",
        "rev": "4524271976b625a4a605beefd893f270620fd751",
        "type": "github"
      },
      "original": {
        "owner": "hercules-ci",
        "repo": "flake-parts",
        "type": "github"
      }
    },
    "flake-parts_4": {
      "inputs": {
        "nixpkgs-lib": [
          "homestakeros",
          "devenv",
          "nixpkgs"
        ]
      },
      "locked": {
        "lastModified": 1756770412,
        "narHash": "sha256-+uWLQZccFHwqpGqr2Yt5VsW/PbeJVTn9Dk6SHWhNRPw=",
        "owner": "hercules-ci",
        "repo": "flake-parts",
        "rev": "4524271976b625a4a605beefd893f270620fd751",
        "type": "github"
      },
      "original": {
        "owner": "hercules-ci",
        "repo": "flake-parts",
        "type": "github"
      }
    },
    "flake-parts_5": {
      "inputs": {
        "nixpkgs-lib": "nixpkgs-lib_2"
      },
      "locked": {
        "lastModified": 1762040540,
        "narHash": "sha256-z5PlZ47j50VNF3R+IMS9LmzI5fYRGY/Z5O5tol1c9I4=",
        "owner": "hercules-ci",
        "repo": "flake-parts",
        "rev": "0010412d62a25d959151790968765a70c436598b",
        "type": "github"
      },
      "original": {
        "owner": "hercules-ci",
        "repo": "flake-parts",
        "type": "github"
      }
    },
    "flake-parts_6": {
      "inputs": {
        "nixpkgs-lib": "nixpkgs-lib_3"
      },
      "locked": {
        "lastModified": 1756770412,
        "narHash": "sha256-+uWLQZccFHwqpGqr2Yt5VsW/PbeJVTn9Dk6SHWhNRPw=",
        "owner": "hercules-ci",
        "repo": "flake-parts",
        "rev": "4524271976b625a4a605beefd893f270620fd751",
        "type": "github"
      },
      "original": {
        "owner": "hercules-ci",
        "repo": "flake-parts",
        "type": "github"
      }
    },
    "flake-utils": {
      "inputs": {
        "systems": [
          "homestakeros",
          "ethereum-nix",
          "systems"
        ]
      },
      "locked": {
        "lastModified": 1731533236,
        "narHash": "sha256-l0KFg5HjrsfsO/JpG+r7fRrqm12kzFHyUHqHCVpMMbI=",
        "owner": "numtide",
        "repo": "flake-utils",
        "rev": "11707dc2f618dd54ca8739b309ec4fc024de578b",
        "type": "github"
      },
      "original": {
        "owner": "numtide",
        "repo": "flake-utils",
        "type": "github"
      }
    },
    "foundry-nix": {
      "inputs": {
        "flake-utils": [
          "homestakeros",
          "ethereum-nix",
          "flake-utils"
        ],
        "nixpkgs": [
          "homestakeros",
          "ethereum-nix",
          "nixpkgs"
        ]
      },
      "locked": {
        "lastModified": 1759569036,
        "narHash": "sha256-FuxbXLDArxD1NeRR8zNnsb8Xww5/+qdMwzN1m8Kow/M=",
        "owner": "shazow",
        "repo": "foundry.nix",
        "rev": "47ba6d3b02bf3faaa857d3572df82ff186d5279a",
        "type": "github"
      },
      "original": {
        "owner": "shazow",
        "ref": "monthly",
        "repo": "foundry.nix",
        "type": "github"
      }
    },
    "git-hooks": {
      "inputs": {
        "flake-compat": [
          "devenv",
          "flake-compat"
        ],
        "gitignore": "gitignore_2",
        "nixpkgs": [
          "devenv",
          "nixpkgs"
        ]
      },
      "locked": {
        "lastModified": 1758108966,
        "narHash": "sha256-ytw7ROXaWZ7OfwHrQ9xvjpUWeGVm86pwnEd1QhzawIo=",
        "owner": "cachix",
        "repo": "git-hooks.nix",
        "rev": "54df955a695a84cd47d4a43e08e1feaf90b1fd9b",
        "type": "github"
      },
      "original": {
        "owner": "cachix",
        "repo": "git-hooks.nix",
        "type": "github"
      }
    },
    "git-hooks-nix": {
      "inputs": {
        "flake-compat": "flake-compat_5",
        "gitignore": "gitignore_4",
        "nixpkgs": [
          "homestakeros",
          "nixpkgs"
        ]
      },
      "locked": {
        "lastModified": 1758108966,
        "narHash": "sha256-ytw7ROXaWZ7OfwHrQ9xvjpUWeGVm86pwnEd1QhzawIo=",
        "owner": "cachix",
        "repo": "git-hooks.nix",
        "rev": "54df955a695a84cd47d4a43e08e1feaf90b1fd9b",
        "type": "github"
      },
      "original": {
        "owner": "cachix",
        "repo": "git-hooks.nix",
        "type": "github"
      }
    },
    "git-hooks_2": {
      "inputs": {
        "flake-compat": [
          "homestakeros",
          "devenv",
          "flake-compat"
        ],
        "gitignore": "gitignore_3",
        "nixpkgs": [
          "homestakeros",
          "devenv",
          "nixpkgs"
        ]
      },
      "locked": {
        "lastModified": 1750779888,
        "narHash": "sha256-wibppH3g/E2lxU43ZQHC5yA/7kIKLGxVEnsnVK1BtRg=",
        "owner": "cachix",
        "repo": "git-hooks.nix",
        "rev": "16ec914f6fb6f599ce988427d9d94efddf25fe6d",
        "type": "github"
      },
      "original": {
        "owner": "cachix",
        "repo": "git-hooks.nix",
        "type": "github"
      }
    },
    "gitignore": {
      "inputs": {
        "nixpkgs": [
          "agenix-rekey",
          "pre-commit-hooks",
          "nixpkgs"
        ]
      },
      "locked": {
        "lastModified": 1709087332,
        "narHash": "sha256-HG2cCnktfHsKV0s4XW83gU3F57gaTljL9KNSuG6bnQs=",
        "owner": "hercules-ci",
        "repo": "gitignore.nix",
        "rev": "637db329424fd7e46cf4185293b9cc8c88c95394",
        "type": "github"
      },
      "original": {
        "owner": "hercules-ci",
        "repo": "gitignore.nix",
        "type": "github"
      }
    },
    "gitignore_2": {
      "inputs": {
        "nixpkgs": [
          "devenv",
          "git-hooks",
          "nixpkgs"
        ]
      },
      "locked": {
        "lastModified": 1709087332,
        "narHash": "sha256-HG2cCnktfHsKV0s4XW83gU3F57gaTljL9KNSuG6bnQs=",
        "owner": "hercules-ci",
        "repo": "gitignore.nix",
        "rev": "637db329424fd7e46cf4185293b9cc8c88c95394",
        "type": "github"
      },
      "original": {
        "owner": "hercules-ci",
        "repo": "gitignore.nix",
        "type": "github"
      }
    },
    "gitignore_3": {
      "inputs": {
        "nixpkgs": [
          "homestakeros",
          "devenv",
          "git-hooks",
          "nixpkgs"
        ]
      },
      "locked": {
        "lastModified": 1709087332,
        "narHash": "sha256-HG2cCnktfHsKV0s4XW83gU3F57gaTljL9KNSuG6bnQs=",
        "owner": "hercules-ci",
        "repo": "gitignore.nix",
        "rev": "637db329424fd7e46cf4185293b9cc8c88c95394",
        "type": "github"
      },
      "original": {
        "owner": "hercules-ci",
        "repo": "gitignore.nix",
        "type": "github"
      }
    },
    "gitignore_4": {
      "inputs": {
        "nixpkgs": [
          "homestakeros",
          "git-hooks-nix",
          "nixpkgs"
        ]
      },
      "locked": {
        "lastModified": 1709087332,
        "narHash": "sha256-HG2cCnktfHsKV0s4XW83gU3F57gaTljL9KNSuG6bnQs=",
        "owner": "hercules-ci",
        "repo": "gitignore.nix",
        "rev": "637db329424fd7e46cf4185293b9cc8c88c95394",
        "type": "github"
      },
      "original": {
        "owner": "hercules-ci",
        "repo": "gitignore.nix",
        "type": "github"
      }
    },
    "home-manager": {
      "inputs": {
        "nixpkgs": [
          "agenix",
          "nixpkgs"
        ]
      },
      "locked": {
        "lastModified": 1745494811,
        "narHash": "sha256-YZCh2o9Ua1n9uCvrvi5pRxtuVNml8X2a03qIFfRKpFs=",
        "owner": "nix-community",
        "repo": "home-manager",
        "rev": "abfad3d2958c9e6300a883bd443512c55dfeb1be",
        "type": "github"
      },
      "original": {
        "owner": "nix-community",
        "repo": "home-manager",
        "type": "github"
      }
    },
    "homestakeros": {
      "inputs": {
        "devenv": "devenv_2",
        "ethereum-nix": "ethereum-nix",
        "flake-parts": "flake-parts_6",
        "git-hooks-nix": "git-hooks-nix",
        "nixpkgs": "nixpkgs_5",
        "ponkila": "ponkila",
        "treefmt-nix": "treefmt-nix_3"
      },
      "locked": {
        "lastModified": 1762806711,
        "narHash": "sha256-kP1rbbchLxorQCMTAzs50hs7WHvnyDHw4qfrWFVPILk=",
        "owner": "ponkila",
        "repo": "HomestakerOS",
        "rev": "b6f0ada361aeebb7f474c87e2ffd50e99c51cfa3",
        "type": "github"
      },
      "original": {
        "owner": "ponkila",
        "repo": "HomestakerOS",
        "type": "github"
      }
    },
    "homestakeros-base": {
      "inputs": {
        "nixpkgs": [
          "nixpkgs"
        ]
      },
      "locked": {
        "dir": "nixosModules/base",
        "lastModified": 1759144832,
        "narHash": "sha256-10IyssRZOanVYpmeRvKaUExuAuRa02mEkJNZhWdWXqM=",
        "owner": "ponkila",
        "repo": "HomestakerOS",
        "rev": "a8b7855217eafed60744d1903b767a9d5e963d1c",
        "type": "github"
      },
      "original": {
        "dir": "nixosModules/base",
        "owner": "ponkila",
        "repo": "HomestakerOS",
        "type": "github"
      }
    },
    "nix": {
      "inputs": {
        "flake-compat": [
          "devenv",
          "flake-compat"
        ],
        "flake-parts": [
          "devenv",
          "flake-parts"
        ],
        "git-hooks-nix": [
          "devenv",
          "git-hooks"
        ],
        "nixpkgs": [
          "devenv",
          "nixpkgs"
        ],
        "nixpkgs-23-11": [
          "devenv"
        ],
        "nixpkgs-regression": [
          "devenv"
        ]
      },
      "locked": {
        "lastModified": 1755029779,
        "narHash": "sha256-3+GHIYGg4U9XKUN4rg473frIVNn8YD06bjwxKS1IPrU=",
        "owner": "cachix",
        "repo": "nix",
        "rev": "b0972b0eee6726081d10b1199f54de6d2917f861",
        "type": "github"
      },
      "original": {
        "owner": "cachix",
        "ref": "devenv-2.30.4",
        "repo": "nix",
        "type": "github"
      }
    },
    "nix_2": {
      "inputs": {
        "flake-compat": [
          "homestakeros",
          "devenv",
          "flake-compat"
        ],
        "flake-parts": [
          "homestakeros",
          "devenv",
          "flake-parts"
        ],
        "git-hooks-nix": [
          "homestakeros",
          "devenv",
          "git-hooks"
        ],
        "nixpkgs": [
          "homestakeros",
          "devenv",
          "nixpkgs"
        ],
        "nixpkgs-23-11": [
          "homestakeros",
          "devenv"
        ],
        "nixpkgs-regression": [
          "homestakeros",
          "devenv"
        ]
      },
      "locked": {
        "lastModified": 1755029779,
        "narHash": "sha256-3+GHIYGg4U9XKUN4rg473frIVNn8YD06bjwxKS1IPrU=",
        "owner": "cachix",
        "repo": "nix",
        "rev": "b0972b0eee6726081d10b1199f54de6d2917f861",
        "type": "github"
      },
      "original": {
        "owner": "cachix",
        "ref": "devenv-2.30",
        "repo": "nix",
        "type": "github"
      }
    },
    "nixpkgs": {
      "locked": {
        "lastModified": 1754028485,
        "narHash": "sha256-IiiXB3BDTi6UqzAZcf2S797hWEPCRZOwyNThJIYhUfk=",
        "owner": "NixOS",
        "repo": "nixpkgs",
        "rev": "59e69648d345d6e8fef86158c555730fa12af9de",
        "type": "github"
      },
      "original": {
        "owner": "NixOS",
        "ref": "nixos-25.05",
        "repo": "nixpkgs",
        "type": "github"
      }
    },
    "nixpkgs-lib": {
      "locked": {
        "lastModified": 1754788789,
        "narHash": "sha256-x2rJ+Ovzq0sCMpgfgGaaqgBSwY+LST+WbZ6TytnT9Rk=",
        "owner": "nix-community",
        "repo": "nixpkgs.lib",
        "rev": "a73b9c743612e4244d865a2fdee11865283c04e6",
        "type": "github"
      },
      "original": {
        "owner": "nix-community",
        "repo": "nixpkgs.lib",
        "type": "github"
      }
    },
    "nixpkgs-lib_2": {
      "locked": {
        "lastModified": 1761765539,
        "narHash": "sha256-b0yj6kfvO8ApcSE+QmA6mUfu8IYG6/uU28OFn4PaC8M=",
        "owner": "nix-community",
        "repo": "nixpkgs.lib",
        "rev": "719359f4562934ae99f5443f20aa06c2ffff91fc",
        "type": "github"
      },
      "original": {
        "owner": "nix-community",
        "repo": "nixpkgs.lib",
        "type": "github"
      }
    },
    "nixpkgs-lib_3": {
      "locked": {
        "lastModified": 1754788789,
        "narHash": "sha256-x2rJ+Ovzq0sCMpgfgGaaqgBSwY+LST+WbZ6TytnT9Rk=",
        "owner": "nix-community",
        "repo": "nixpkgs.lib",
        "rev": "a73b9c743612e4244d865a2fdee11865283c04e6",
        "type": "github"
      },
      "original": {
        "owner": "nix-community",
        "repo": "nixpkgs.lib",
        "type": "github"
      }
    },
    "nixpkgs-unstable": {
      "locked": {
        "lastModified": 1761880412,
        "narHash": "sha256-QoJjGd4NstnyOG4mm4KXF+weBzA2AH/7gn1Pmpfcb0A=",
        "owner": "nixos",
        "repo": "nixpkgs",
        "rev": "a7fc11be66bdfb5cdde611ee5ce381c183da8386",
        "type": "github"
      },
      "original": {
        "owner": "nixos",
        "ref": "nixpkgs-unstable",
        "repo": "nixpkgs",
        "type": "github"
      }
    },
    "nixpkgs_2": {
      "locked": {
        "lastModified": 1755783167,
        "narHash": "sha256-gj7qvMNz7YvhjYxNq4I370cAYIZEw2PbVs5BSwaLrD4=",
        "owner": "cachix",
        "repo": "devenv-nixpkgs",
        "rev": "4a880fb247d24fbca57269af672e8f78935b0328",
        "type": "github"
      },
      "original": {
        "owner": "cachix",
        "ref": "rolling",
        "repo": "devenv-nixpkgs",
        "type": "github"
      }
    },
    "nixpkgs_3": {
      "locked": {
        "lastModified": 1750441195,
        "narHash": "sha256-yke+pm+MdgRb6c0dPt8MgDhv7fcBbdjmv1ZceNTyzKg=",
        "owner": "cachix",
        "repo": "devenv-nixpkgs",
        "rev": "0ceffe312871b443929ff3006960d29b120dc627",
        "type": "github"
      },
      "original": {
        "owner": "cachix",
        "ref": "rolling",
        "repo": "devenv-nixpkgs",
        "type": "github"
      }
    },
    "nixpkgs_4": {
      "locked": {
        "lastModified": 1748026580,
        "narHash": "sha256-rWtXrcIzU5wm/C8F9LWvUfBGu5U5E7cFzPYT1pHIJaQ=",
        "owner": "nixos",
        "repo": "nixpkgs",
        "rev": "11cb3517b3af6af300dd6c055aeda73c9bf52c48",
        "type": "github"
      },
      "original": {
        "owner": "nixos",
        "ref": "25.05",
        "repo": "nixpkgs",
        "type": "github"
      }
    },
    "nixpkgs_5": {
      "locked": {
        "lastModified": 1758791193,
        "narHash": "sha256-F8WmEwFoHsnix7rt290R0rFXNJiMbClMZyIC/e+HYf0=",
        "owner": "NixOS",
        "repo": "nixpkgs",
        "rev": "25e53aa156d47bad5082ff7618f5feb1f5e02d01",
        "type": "github"
      },
      "original": {
        "owner": "NixOS",
        "ref": "nixos-25.05",
        "repo": "nixpkgs",
        "type": "github"
      }
    },
    "nixpkgs_6": {
      "locked": {
        "lastModified": 1734875076,
        "narHash": "sha256-Pzyb+YNG5u3zP79zoi8HXYMs15Q5dfjDgwCdUI5B0nY=",
        "owner": "NixOS",
        "repo": "nixpkgs",
        "rev": "1807c2b91223227ad5599d7067a61665c52d1295",
        "type": "github"
      },
      "original": {
        "owner": "NixOS",
        "ref": "nixos-24.11",
        "repo": "nixpkgs",
        "type": "github"
      }
    },
    "nixpkgs_7": {
      "locked": {
        "lastModified": 1758791193,
        "narHash": "sha256-F8WmEwFoHsnix7rt290R0rFXNJiMbClMZyIC/e+HYf0=",
        "owner": "NixOS",
        "repo": "nixpkgs",
        "rev": "25e53aa156d47bad5082ff7618f5feb1f5e02d01",
        "type": "github"
      },
      "original": {
        "owner": "NixOS",
        "ref": "nixos-25.05",
        "repo": "nixpkgs",
        "type": "github"
      }
    },
    "nixpkgs_8": {
      "locked": {
        "lastModified": 1758262103,
        "narHash": "sha256-aBGl3XEOsjWw6W3AHiKibN7FeoG73dutQQEqnd/etR8=",
        "owner": "NixOS",
        "repo": "nixpkgs",
        "rev": "12bd230118a1901a4a5d393f9f56b6ad7e571d01",
        "type": "github"
      },
      "original": {
        "owner": "NixOS",
        "ref": "nixpkgs-unstable",
        "repo": "nixpkgs",
        "type": "github"
      }
    },
    "nixpkgs_9": {
      "locked": {
        "lastModified": 0,
        "narHash": "sha256-ECni+IkwXjusHsm9Sexdtq8weAq/yUyt1TWIemXt3Ko=",
        "path": "/nix/store/bi5zxc0v5g6ylygdwyqzh280sccg3ykb-source",
        "type": "path"
      },
      "original": {
        "id": "nixpkgs",
        "type": "indirect"
      }
    },
    "ponkila": {
      "inputs": {
        "nixpkgs": "nixpkgs_6"
      },
      "locked": {
        "dir": "nixosModules/base",
        "lastModified": 1756811459,
        "narHash": "sha256-+oAuzLtA146IHJdxOJvlvHjMvxx/CRv0ePMU7bpJj7s=",
        "owner": "ponkila",
        "repo": "HomestakerOS",
        "rev": "073a75bf2851a77436dd32fe7a347be62a900643",
        "type": "github"
      },
      "original": {
        "dir": "nixosModules/base",
        "owner": "ponkila",
        "repo": "HomestakerOS",
        "type": "github"
      }
    },
    "pre-commit-hooks": {
      "inputs": {
        "flake-compat": "flake-compat",
        "gitignore": "gitignore",
        "nixpkgs": [
          "agenix-rekey",
          "nixpkgs"
        ]
      },
      "locked": {
        "lastModified": 1735882644,
        "narHash": "sha256-3FZAG+pGt3OElQjesCAWeMkQ7C/nB1oTHLRQ8ceP110=",
        "owner": "cachix",
        "repo": "pre-commit-hooks.nix",
        "rev": "a5a961387e75ae44cc20f0a57ae463da5e959656",
        "type": "github"
      },
      "original": {
        "owner": "cachix",
        "repo": "pre-commit-hooks.nix",
        "type": "github"
      }
    },
    "root": {
      "inputs": {
        "agenix": "agenix",
        "agenix-rekey": "agenix-rekey",
        "clib": "clib",
        "devenv": "devenv",
        "flake-parts": "flake-parts_3",
        "homestakeros": "homestakeros",
        "homestakeros-base": "homestakeros-base",
        "nixpkgs": "nixpkgs_7",
        "sops-nix": "sops-nix",
        "treefmt-nix": "treefmt-nix_4",
        "wirenix": "wirenix"
      }
    },
    "sops-nix": {
      "inputs": {
        "nixpkgs": "nixpkgs_8"
      },
      "locked": {
        "lastModified": 1758425756,
        "narHash": "sha256-L3N8zV6wsViXiD8i3WFyrvjDdz76g3tXKEdZ4FkgQ+Y=",
        "owner": "Mic92",
        "repo": "sops-nix",
        "rev": "e0fdaea3c31646e252a60b42d0ed8eafdb289762",
        "type": "github"
      },
      "original": {
        "owner": "Mic92",
        "repo": "sops-nix",
        "type": "github"
      }
    },
    "systems": {
      "locked": {
        "lastModified": 1681028828,
        "narHash": "sha256-Vy1rq5AaRuLzOxct8nz4T6wlgyUR7zLU309k9mBC768=",
        "owner": "nix-systems",
        "repo": "default",
        "rev": "da67096a3b9bf56a91d16901293e51ba5b49a27e",
        "type": "github"
      },
      "original": {
        "owner": "nix-systems",
        "repo": "default",
        "type": "github"
      }
    },
    "systems_2": {
      "locked": {
        "lastModified": 1681028828,
        "narHash": "sha256-Vy1rq5AaRuLzOxct8nz4T6wlgyUR7zLU309k9mBC768=",
        "owner": "nix-systems",
        "repo": "default",
        "rev": "da67096a3b9bf56a91d16901293e51ba5b49a27e",
        "type": "github"
      },
      "original": {
        "owner": "nix-systems",
        "repo": "default",
        "type": "github"
      }
    },
    "treefmt-nix": {
      "inputs": {
        "nixpkgs": [
          "agenix-rekey",
          "nixpkgs"
        ]
      },
      "locked": {
        "lastModified": 1735135567,
        "narHash": "sha256-8T3K5amndEavxnludPyfj3Z1IkcFdRpR23q+T0BVeZE=",
        "owner": "numtide",
        "repo": "treefmt-nix",
        "rev": "9e09d30a644c57257715902efbb3adc56c79cf28",
        "type": "github"
      },
      "original": {
        "owner": "numtide",
        "repo": "treefmt-nix",
        "type": "github"
      }
    },
    "treefmt-nix_2": {
      "inputs": {
        "nixpkgs": [
          "homestakeros",
          "ethereum-nix",
          "nixpkgs"
        ]
      },
      "locked": {
        "lastModified": 1762305549,
        "narHash": "sha256-iHxl8YwQsCX9QyB0ImEvmr+C3FuZP0BR/9vMmjbaITA=",
        "owner": "numtide",
        "repo": "treefmt-nix",
        "rev": "144d1e80d642c50c71846c0cb674e86c956e9a24",
        "type": "github"
      },
      "original": {
        "owner": "numtide",
        "repo": "treefmt-nix",
        "type": "github"
      }
    },
    "treefmt-nix_3": {
      "inputs": {
        "nixpkgs": [
          "homestakeros",
          "nixpkgs"
        ]
      },
      "locked": {
        "lastModified": 1758728421,
        "narHash": "sha256-ySNJ008muQAds2JemiyrWYbwbG+V7S5wg3ZVKGHSFu8=",
        "owner": "numtide",
        "repo": "treefmt-nix",
        "rev": "5eda4ee8121f97b218f7cc73f5172098d458f1d1",
        "type": "github"
      },
      "original": {
        "owner": "numtide",
        "repo": "treefmt-nix",
        "type": "github"
      }
    },
    "treefmt-nix_4": {
      "inputs": {
        "nixpkgs": [
          "nixpkgs"
        ]
      },
      "locked": {
        "lastModified": 1758728421,
        "narHash": "sha256-ySNJ008muQAds2JemiyrWYbwbG+V7S5wg3ZVKGHSFu8=",
        "owner": "numtide",
        "repo": "treefmt-nix",
        "rev": "5eda4ee8121f97b218f7cc73f5172098d458f1d1",
        "type": "github"
      },
      "original": {
        "owner": "numtide",
        "repo": "treefmt-nix",
        "type": "github"
      }
    },
    "wirenix": {
      "inputs": {
        "nixpkgs": "nixpkgs_9"
      },
      "locked": {
        "lastModified": 1721448132,
        "narHash": "sha256-z+uRqGQgQah40a6wRUKm1QdUlcbMvN3V9IP/OQIZcHA=",
        "owner": "~msalerno",
        "repo": "wirenix",
        "rev": "e6a936d6a9c3e832a133ef72eb1acad1dfbddddd",
        "type": "sourcehut"
      },
      "original": {
        "owner": "~msalerno",
        "repo": "wirenix",
        "type": "sourcehut"
      }
    }
  },
  "root": "root",
  "version": 7
}
